
Microsoft Visual Studio Solution File, Format Version 12.00
# Visual Studio Version 17
VisualStudioVersion = 17.0.31903.59
MinimumVisualStudioVersion = 10.0.40219.1
Project("{FAE04EC0-301F-11D3-BF4B-00C04F79EFBC}") = "RB4InstrumentMapper.Core", "RB4InstrumentMapper.Core\RB4InstrumentMapper.Core.csproj", "{B6FC7277-DC0B-4E36-8CEA-11E2D4E0A21F}"
EndProject
Project("{FAE04EC0-301F-11D3-BF4B-00C04F79EFBC}") = "RB4InstrumentMapper.CLI", "RB4InstrumentMapper.CLI\RB4InstrumentMapper.CLI.csproj", "{A5C36048-BF9B-40CD-8093-9ED1D70A2AC7}"
EndProject
Project("{FAE04EC0-301F-11D3-BF4B-00C04F79EFBC}") = "RB4InstrumentMapper.GUI", "RB4InstrumentMapper.GUI\RB4InstrumentMapper.GUI.csproj", "{AEEF817D-BB48-4298-B82B-90192F78089D}"
EndProject
Project("{B7DD6F7E-DEF8-4E67-B5B7-07EF123DB6F0}") = "RB4InstrumentMapper.Package", "RB4InstrumentMapper.Package\RB4InstrumentMapper.Package.wixproj", "{A845D07C-443B-4A08-8766-2E0950A3E124}"
EndProject
Project("{B7DD6F7E-DEF8-4E67-B5B7-07EF123DB6F0}") = "RB4InstrumentMapper.Installer", "RB4InstrumentMapper.Installer\RB4InstrumentMapper.Installer.wixproj", "{9E28F285-3EAD-4F6B-A72E-64C29ECCED07}"
EndProject
Global
	GlobalSection(SolutionConfigurationPlatforms) = preSolution
		Debug|x64 = Debug|x64
		Release|x64 = Release|x64
	EndGlobalSection
	GlobalSection(SolutionProperties) = preSolution
		HideSolutionNode = FALSE
	EndGlobalSection
	GlobalSection(ProjectConfigurationPlatforms) = postSolution
		{B6FC7277-DC0B-4E36-8CEA-11E2D4E0A21F}.Debug|x64.ActiveCfg = Debug|x64
		{B6FC7277-DC0B-4E36-8CEA-11E2D4E0A21F}.Debug|x64.Build.0 = Debug|x64
		{B6FC7277-DC0B-4E36-8CEA-11E2D4E0A21F}.Release|x64.ActiveCfg = Release|x64
		{B6FC7277-DC0B-4E36-8CEA-11E2D4E0A21F}.Release|x64.Build.0 = Release|x64
		{A5C36048-BF9B-40CD-8093-9ED1D70A2AC7}.Debug|x64.ActiveCfg = Debug|x64
		{A5C36048-BF9B-40CD-8093-9ED1D70A2AC7}.Debug|x64.Build.0 = Debug|x64
		{A5C36048-BF9B-40CD-8093-9ED1D70A2AC7}.Release|x64.ActiveCfg = Release|x64
		{A5C36048-BF9B-40CD-8093-9ED1D70A2AC7}.Release|x64.Build.0 = Release|x64
		{AEEF817D-BB48-4298-B82B-90192F78089D}.Debug|x64.ActiveCfg = Debug|x64
		{AEEF817D-BB48-4298-B82B-90192F78089D}.Debug|x64.Build.0 = Debug|x64
		{AEEF817D-BB48-4298-B82B-90192F78089D}.Release|x64.ActiveCfg = Release|x64
		{AEEF817D-BB48-4298-B82B-90192F78089D}.Release|x64.Build.0 = Release|x64
		{A845D07C-443B-4A08-8766-2E0950A3E124}.Debug|x64.ActiveCfg = Debug|x64
		{A845D07C-443B-4A08-8766-2E0950A3E124}.Debug|x64.Build.0 = Debug|x64
		{A845D07C-443B-4A08-8766-2E0950A3E124}.Release|x64.ActiveCfg = Release|x64
		{A845D07C-443B-4A08-8766-2E0950A3E124}.Release|x64.Build.0 = Release|x64
		{9E28F285-3EAD-4F6B-A72E-64C29ECCED07}.Debug|x64.ActiveCfg = Debug|x64
		{9E28F285-3EAD-4F6B-A72E-64C29ECCED07}.Debug|x64.Build.0 = Debug|x64
		{9E28F285-3EAD-4F6B-A72E-64C29ECCED07}.Release|x64.ActiveCfg = Release|x64
		{9E28F285-3EAD-4F6B-A72E-64C29ECCED07}.Release|x64.Build.0 = Release|x64
	EndGlobalSection
EndGlobal
